
Microsoft Visual Studio Solution File, Format Version 12.00
# Visual Studio Version 17
VisualStudioVersion = 17.12.35209.166
MinimumVisualStudioVersion = 10.0.40219.1
Project("{FAE04EC0-301F-11D3-BF4B-00C04F79EFBC}") = "ApiFinalProject", "ApiFinalProject\ApiFinalProject.csproj", "{8CEFBE56-E14F-436E-A1AE-C2C2959751C9}"
EndProject
Global
	GlobalSection(SolutionConfigurationPlatforms) = preSolution
		Debug|Any CPU = Debug|Any CPU
		Release|Any CPU = Release|Any CPU
	EndGlobalSection
	GlobalSection(ProjectConfigurationPlatforms) = postSolution
		{8CEFBE56-E14F-436E-A1AE-C2C2959751C9}.Debug|Any CPU.ActiveCfg = Debug|Any CPU
		{8CEFBE56-E14F-436E-A1AE-C2C2959751C9}.Debug|Any CPU.Build.0 = Debug|Any CPU
		{8CEFBE56-E14F-436E-A1AE-C2C2959751C9}.Release|Any CPU.ActiveCfg = Release|Any CPU
		{8CEFBE56-E14F-436E-A1AE-C2C2959751C9}.Release|Any CPU.Build.0 = Release|Any CPU
	EndGlobalSection
	GlobalSection(SolutionProperties) = preSolution
		HideSolutionNode = FALSE
	EndGlobalSection
	GlobalSection(ExtensibilityGlobals) = postSolution
		SolutionGuid = {1C66C27F-60A2-4AAB-A04E-C2C49E92752D}
	EndGlobalSection
EndGlobal
